PODS:
  - OpenSSL-Universal (3.3.1000)
  - ZIPFoundation (0.9.19)

DEPENDENCIES:
  - OpenSSL-Universal
  - ZIPFoundation

SPEC REPOS:
  trunk:
    - OpenSSL-Universal
    - ZIPFoundation

SPEC CHECKSUMS:
  OpenSSL-Universal: 57f92a826947ee3183556bf5e22d7dff8d55f834
  ZIPFoundation: b8c29ea7ae353b309bc810586181fd073cb3312c

PODFILE CHECKSUM: 185cd2761317ba857466858dea1071249b9c231a

COCOAPODS: 1.16.2
